
Microsoft Visual Studio Solution File, Format Version 12.00
# Visual Studio Version 16
VisualStudioVersion = 16.0.31624.102
MinimumVisualStudioVersion = 10.0.40219.1
Project("{FAE04EC0-301F-11D3-BF4B-00C04F79EFBC}") = "dot-net-mid-project", "dot-net-mid-project\dot-net-mid-project.csproj", "{2A7D4FAE-79C3-4E48-BA99-9306C4E4A6EA}"
EndProject
Global
	GlobalSection(SolutionConfigurationPlatforms) = preSolution
		Debug|Any CPU = Debug|Any CPU
		Release|Any CPU = Release|Any CPU
	EndGlobalSection
	GlobalSection(ProjectConfigurationPlatforms) = postSolution
		{2A7D4FAE-79C3-4E48-BA99-9306C4E4A6EA}.Debug|Any CPU.ActiveCfg = Debug|Any CPU
		{2A7D4FAE-79C3-4E48-BA99-9306C4E4A6EA}.Debug|Any CPU.Build.0 = Debug|Any CPU
		{2A7D4FAE-79C3-4E48-BA99-9306C4E4A6EA}.Release|Any CPU.ActiveCfg = Release|Any CPU
		{2A7D4FAE-79C3-4E48-BA99-9306C4E4A6EA}.Release|Any CPU.Build.0 = Release|Any CPU
	EndGlobalSection
	GlobalSection(SolutionProperties) = preSolution
		HideSolutionNode = FALSE
	EndGlobalSection
	GlobalSection(ExtensibilityGlobals) = postSolution
		SolutionGuid = {2D961155-BBFA-41F7-A877-0DB494C1FF41}
	EndGlobalSection
EndGlobal
